
Microsoft Visual Studio Solution File, Format Version 12.00
# Visual Studio Version 16
VisualStudioVersion = 16.0.30621.155
MinimumVisualStudioVersion = 10.0.40219.1
Project("{FAE04EC0-301F-11D3-BF4B-00C04F79EFBC}") = "ProiectDAW", "ProiectDAW.csproj", "{FFBE4C19-3574-4951-9F59-F1A905230933}"
EndProject
Global
	GlobalSection(SolutionConfigurationPlatforms) = preSolution
		Debug|Any CPU = Debug|Any CPU
		Release|Any CPU = Release|Any CPU
	EndGlobalSection
	GlobalSection(ProjectConfigurationPlatforms) = postSolution
		{FFBE4C19-3574-4951-9F59-F1A905230933}.Debug|Any CPU.ActiveCfg = Debug|Any CPU
		{FFBE4C19-3574-4951-9F59-F1A905230933}.Debug|Any CPU.Build.0 = Debug|Any CPU
		{FFBE4C19-3574-4951-9F59-F1A905230933}.Release|Any CPU.ActiveCfg = Release|Any CPU
		{FFBE4C19-3574-4951-9F59-F1A905230933}.Release|Any CPU.Build.0 = Release|Any CPU
	EndGlobalSection
	GlobalSection(SolutionProperties) = preSolution
		HideSolutionNode = FALSE
	EndGlobalSection
	GlobalSection(ExtensibilityGlobals) = postSolution
		SolutionGuid = {B1755116-19F6-43DF-B1BD-951EDDE733E4}
	EndGlobalSection
EndGlobal
